
Microsoft Visual Studio Solution File, Format Version 12.00
# Visual Studio Version 17
VisualStudioVersion = 17.7.34202.233
MinimumVisualStudioVersion = 10.0.40219.1
Project("{2150E333-8FDC-42A3-9474-1A3956D46DE8}") = "Services", "Services", "{BEE3AC23-0905-4CD0-8F8A-1051F9E1E8A9}"
EndProject
Project("{2150E333-8FDC-42A3-9474-1A3956D46DE8}") = "Books", "Books", "{9D80F4D1-1A87-4F0A-9F49-9D18DBA8D8D5}"
EndProject
Project("{2150E333-8FDC-42A3-9474-1A3956D46DE8}") = "Users", "Users", "{CC936AEA-FE4E-43C5-B4A4-A8776FBD2F37}"
EndProject
Project("{2150E333-8FDC-42A3-9474-1A3956D46DE8}") = "Reviews", "Reviews", "{3D231961-75F6-4E2C-9497-FD57B81319AD}"
EndProject
Project("{2150E333-8FDC-42A3-9474-1A3956D46DE8}") = "Building Blocks", "Building Blocks", "{3E191359-4CAB-444B-A325-BAA902CC1F45}"
EndProject
Project("{9A19103F-16F7-4668-BE54-9A1E7A4F7556}") = "GoodReads.Books.API", "src\GoodReads.Books.API\GoodReads.Books.API.csproj", "{76B1A982-5E1F-42EB-B991-78F57528D09F}"
EndProject
Project("{9A19103F-16F7-4668-BE54-9A1E7A4F7556}") = "GoodReads.Books.Domain", "src\GoodReads.Books.Domain\GoodReads.Books.Domain.csproj", "{A43ABD2D-3FF7-4BD4-A18E-F78ED61323C6}"
EndProject
Project("{2150E333-8FDC-42A3-9474-1A3956D46DE8}") = "Core", "Core", "{463E2DFA-602D-40FA-B148-765947F9321D}"
EndProject
Project("{9A19103F-16F7-4668-BE54-9A1E7A4F7556}") = "GoodReads.Core", "src\GoodReads.Core\GoodReads.Core.csproj", "{666C328E-4ACD-47FF-94B6-DB776E71ED38}"
EndProject
Project("{9A19103F-16F7-4668-BE54-9A1E7A4F7556}") = "GoodReads.Books.Infra", "src\GoodReads.Books.Infra\GoodReads.Books.Infra.csproj", "{A724CB82-5B38-46E1-B59D-25A0125CB8EA}"
EndProject
Project("{2150E333-8FDC-42A3-9474-1A3956D46DE8}") = "src", "src", "{BB1E7FD9-A094-4DE9-9C1D-C2053CE6046E}"
EndProject
Project("{2150E333-8FDC-42A3-9474-1A3956D46DE8}") = "Tests", "Tests", "{C76385A9-A482-491B-AB7F-DFEE8FC850CB}"
EndProject
Project("{9A19103F-16F7-4668-BE54-9A1E7A4F7556}") = "GoodReads.Books.Application", "src\GoodReads.Books.Application\GoodReads.Books.Application.csproj", "{00AE2967-EE86-4D27-8A7E-B85C0DF8DC9F}"
EndProject
Project("{9A19103F-16F7-4668-BE54-9A1E7A4F7556}") = "GoodReads.Reviews.Domain", "src\GoodReads.Reviews.Domain\GoodReads.Reviews.Domain.csproj", "{54647331-18EC-4238-8EE4-25998395FD22}"
EndProject
Project("{9A19103F-16F7-4668-BE54-9A1E7A4F7556}") = "GoodReads.Reviews.Infra", "src\GoodReads.Reviews.Infra\GoodReads.Reviews.Infra.csproj", "{ACE709E4-FA34-4288-B796-F88621415DA2}"
EndProject
Project("{9A19103F-16F7-4668-BE54-9A1E7A4F7556}") = "GoodReads.Reviews.Application", "src\GoodReads.Reviews.Application\GoodReads.Reviews.Application.csproj", "{5B3962A4-8AB4-49C4-BCC7-AC2EF930265A}"
EndProject
Project("{2150E333-8FDC-42A3-9474-1A3956D46DE8}") = "WebApps", "WebApps", "{B0FEB90D-73BB-411D-90B2-AA5A05B41F3B}"
EndProject
Project("{FAE04EC0-301F-11D3-BF4B-00C04F79EFBC}") = "GoodReads.Reviews.API", "src\GoodReads.Reviews.API\GoodReads.Reviews.API.csproj", "{5AAA3856-08D6-4C8B-A2BD-08E2E4BA2AB3}"
EndProject
Project("{2150E333-8FDC-42A3-9474-1A3956D46DE8}") = "Tests", "Tests", "{54F0B089-8953-4AF0-BB1E-9D044ACEF9FE}"
EndProject
Global
	GlobalSection(SolutionConfigurationPlatforms) = preSolution
		Debug|Any CPU = Debug|Any CPU
		Release|Any CPU = Release|Any CPU
	EndGlobalSection
	GlobalSection(ProjectConfigurationPlatforms) = postSolution
		{76B1A982-5E1F-42EB-B991-78F57528D09F}.Debug|Any CPU.ActiveCfg = Debug|Any CPU
		{76B1A982-5E1F-42EB-B991-78F57528D09F}.Debug|Any CPU.Build.0 = Debug|Any CPU
		{76B1A982-5E1F-42EB-B991-78F57528D09F}.Release|Any CPU.ActiveCfg = Release|Any CPU
		{76B1A982-5E1F-42EB-B991-78F57528D09F}.Release|Any CPU.Build.0 = Release|Any CPU
		{A43ABD2D-3FF7-4BD4-A18E-F78ED61323C6}.Debug|Any CPU.ActiveCfg = Debug|Any CPU
		{A43ABD2D-3FF7-4BD4-A18E-F78ED61323C6}.Debug|Any CPU.Build.0 = Debug|Any CPU
		{A43ABD2D-3FF7-4BD4-A18E-F78ED61323C6}.Release|Any CPU.ActiveCfg = Release|Any CPU
		{A43ABD2D-3FF7-4BD4-A18E-F78ED61323C6}.Release|Any CPU.Build.0 = Release|Any CPU
		{666C328E-4ACD-47FF-94B6-DB776E71ED38}.Debug|Any CPU.ActiveCfg = Debug|Any CPU
		{666C328E-4ACD-47FF-94B6-DB776E71ED38}.Debug|Any CPU.Build.0 = Debug|Any CPU
		{666C328E-4ACD-47FF-94B6-DB776E71ED38}.Release|Any CPU.ActiveCfg = Release|Any CPU
		{666C328E-4ACD-47FF-94B6-DB776E71ED38}.Release|Any CPU.Build.0 = Release|Any CPU
		{A724CB82-5B38-46E1-B59D-25A0125CB8EA}.Debug|Any CPU.ActiveCfg = Debug|Any CPU
		{A724CB82-5B38-46E1-B59D-25A0125CB8EA}.Debug|Any CPU.Build.0 = Debug|Any CPU
		{A724CB82-5B38-46E1-B59D-25A0125CB8EA}.Release|Any CPU.ActiveCfg = Release|Any CPU
		{A724CB82-5B38-46E1-B59D-25A0125CB8EA}.Release|Any CPU.Build.0 = Release|Any CPU
		{00AE2967-EE86-4D27-8A7E-B85C0DF8DC9F}.Debug|Any CPU.ActiveCfg = Debug|Any CPU
		{00AE2967-EE86-4D27-8A7E-B85C0DF8DC9F}.Debug|Any CPU.Build.0 = Debug|Any CPU
		{00AE2967-EE86-4D27-8A7E-B85C0DF8DC9F}.Release|Any CPU.ActiveCfg = Release|Any CPU
		{00AE2967-EE86-4D27-8A7E-B85C0DF8DC9F}.Release|Any CPU.Build.0 = Release|Any CPU
		{54647331-18EC-4238-8EE4-25998395FD22}.Debug|Any CPU.ActiveCfg = Debug|Any CPU
		{54647331-18EC-4238-8EE4-25998395FD22}.Debug|Any CPU.Build.0 = Debug|Any CPU
		{54647331-18EC-4238-8EE4-25998395FD22}.Release|Any CPU.ActiveCfg = Release|Any CPU
		{54647331-18EC-4238-8EE4-25998395FD22}.Release|Any CPU.Build.0 = Release|Any CPU
		{ACE709E4-FA34-4288-B796-F88621415DA2}.Debug|Any CPU.ActiveCfg = Debug|Any CPU
		{ACE709E4-FA34-4288-B796-F88621415DA2}.Debug|Any CPU.Build.0 = Debug|Any CPU
		{ACE709E4-FA34-4288-B796-F88621415DA2}.Release|Any CPU.ActiveCfg = Release|Any CPU
		{ACE709E4-FA34-4288-B796-F88621415DA2}.Release|Any CPU.Build.0 = Release|Any CPU
		{5B3962A4-8AB4-49C4-BCC7-AC2EF930265A}.Debug|Any CPU.ActiveCfg = Debug|Any CPU
		{5B3962A4-8AB4-49C4-BCC7-AC2EF930265A}.Debug|Any CPU.Build.0 = Debug|Any CPU
		{5B3962A4-8AB4-49C4-BCC7-AC2EF930265A}.Release|Any CPU.ActiveCfg = Release|Any CPU
		{5B3962A4-8AB4-49C4-BCC7-AC2EF930265A}.Release|Any CPU.Build.0 = Release|Any CPU
		{5AAA3856-08D6-4C8B-A2BD-08E2E4BA2AB3}.Debug|Any CPU.ActiveCfg = Debug|Any CPU
		{5AAA3856-08D6-4C8B-A2BD-08E2E4BA2AB3}.Debug|Any CPU.Build.0 = Debug|Any CPU
		{5AAA3856-08D6-4C8B-A2BD-08E2E4BA2AB3}.Release|Any CPU.ActiveCfg = Release|Any CPU
		{5AAA3856-08D6-4C8B-A2BD-08E2E4BA2AB3}.Release|Any CPU.Build.0 = Release|Any CPU
	EndGlobalSection
	GlobalSection(SolutionProperties) = preSolution
		HideSolutionNode = FALSE
	EndGlobalSection
	GlobalSection(NestedProjects) = preSolution
		{BEE3AC23-0905-4CD0-8F8A-1051F9E1E8A9} = {BB1E7FD9-A094-4DE9-9C1D-C2053CE6046E}
		{9D80F4D1-1A87-4F0A-9F49-9D18DBA8D8D5} = {BEE3AC23-0905-4CD0-8F8A-1051F9E1E8A9}
		{CC936AEA-FE4E-43C5-B4A4-A8776FBD2F37} = {BEE3AC23-0905-4CD0-8F8A-1051F9E1E8A9}
		{3D231961-75F6-4E2C-9497-FD57B81319AD} = {BEE3AC23-0905-4CD0-8F8A-1051F9E1E8A9}
		{3E191359-4CAB-444B-A325-BAA902CC1F45} = {BB1E7FD9-A094-4DE9-9C1D-C2053CE6046E}
		{76B1A982-5E1F-42EB-B991-78F57528D09F} = {9D80F4D1-1A87-4F0A-9F49-9D18DBA8D8D5}
		{A43ABD2D-3FF7-4BD4-A18E-F78ED61323C6} = {9D80F4D1-1A87-4F0A-9F49-9D18DBA8D8D5}
		{463E2DFA-602D-40FA-B148-765947F9321D} = {3E191359-4CAB-444B-A325-BAA902CC1F45}
		{666C328E-4ACD-47FF-94B6-DB776E71ED38} = {463E2DFA-602D-40FA-B148-765947F9321D}
		{A724CB82-5B38-46E1-B59D-25A0125CB8EA} = {9D80F4D1-1A87-4F0A-9F49-9D18DBA8D8D5}
		{C76385A9-A482-491B-AB7F-DFEE8FC850CB} = {9D80F4D1-1A87-4F0A-9F49-9D18DBA8D8D5}
		{00AE2967-EE86-4D27-8A7E-B85C0DF8DC9F} = {9D80F4D1-1A87-4F0A-9F49-9D18DBA8D8D5}
		{54647331-18EC-4238-8EE4-25998395FD22} = {3D231961-75F6-4E2C-9497-FD57B81319AD}
		{ACE709E4-FA34-4288-B796-F88621415DA2} = {3D231961-75F6-4E2C-9497-FD57B81319AD}
		{5B3962A4-8AB4-49C4-BCC7-AC2EF930265A} = {3D231961-75F6-4E2C-9497-FD57B81319AD}
		{B0FEB90D-73BB-411D-90B2-AA5A05B41F3B} = {BB1E7FD9-A094-4DE9-9C1D-C2053CE6046E}
		{5AAA3856-08D6-4C8B-A2BD-08E2E4BA2AB3} = {3D231961-75F6-4E2C-9497-FD57B81319AD}
		{54F0B089-8953-4AF0-BB1E-9D044ACEF9FE} = {3D231961-75F6-4E2C-9497-FD57B81319AD}
	EndGlobalSection
	GlobalSection(ExtensibilityGlobals) = postSolution
		SolutionGuid = {00FB0B50-FD52-4056-B848-0E64BB7CA860}
	EndGlobalSection
EndGlobal
